
Microsoft Visual Studio Solution File, Format Version 12.00
# Visual Studio Version 16
VisualStudioVersion = 16.0.30907.101
MinimumVisualStudioVersion = 10.0.40219.1
Project("{9A19103F-16F7-4668-BE54-9A1E7A4F7556}") = "DataAccess", "DataAccess\DataAccess.csproj", "{5D9E6D3F-950F-47DB-A029-9504DEFCF92B}"
EndProject
Project("{9A19103F-16F7-4668-BE54-9A1E7A4F7556}") = "Business", "Business\Business.csproj", "{A3190BEA-307C-4428-BEB4-1C9826A97B51}"
EndProject
Project("{9A19103F-16F7-4668-BE54-9A1E7A4F7556}") = "Entities", "Entities\Entities.csproj", "{AA2BEA78-56C2-4C2F-AC03-FC1B322F777E}"
EndProject
Project("{9A19103F-16F7-4668-BE54-9A1E7A4F7556}") = "ConsoleUI", "ConsoleUI\ConsoleUI.csproj", "{B0B57C5C-7331-466E-93E4-9428AD895274}"
EndProject
Project("{FAE04EC0-301F-11D3-BF4B-00C04F79EFBC}") = "Core", "Core\Core.csproj", "{6427F8B8-DC86-4AAB-894A-8623F6A65AEF}"
EndProject
Global
	GlobalSection(SolutionConfigurationPlatforms) = preSolution
		Debug|Any CPU = Debug|Any CPU
		Release|Any CPU = Release|Any CPU
	EndGlobalSection
	GlobalSection(ProjectConfigurationPlatforms) = postSolution
		{5D9E6D3F-950F-47DB-A029-9504DEFCF92B}.Debug|Any CPU.ActiveCfg = Debug|Any CPU
		{5D9E6D3F-950F-47DB-A029-9504DEFCF92B}.Debug|Any CPU.Build.0 = Debug|Any CPU
		{5D9E6D3F-950F-47DB-A029-9504DEFCF92B}.Release|Any CPU.ActiveCfg = Release|Any CPU
		{5D9E6D3F-950F-47DB-A029-9504DEFCF92B}.Release|Any CPU.Build.0 = Release|Any CPU
		{A3190BEA-307C-4428-BEB4-1C9826A97B51}.Debug|Any CPU.ActiveCfg = Debug|Any CPU
		{A3190BEA-307C-4428-BEB4-1C9826A97B51}.Debug|Any CPU.Build.0 = Debug|Any CPU
		{A3190BEA-307C-4428-BEB4-1C9826A97B51}.Release|Any CPU.ActiveCfg = Release|Any CPU
		{A3190BEA-307C-4428-BEB4-1C9826A97B51}.Release|Any CPU.Build.0 = Release|Any CPU
		{AA2BEA78-56C2-4C2F-AC03-FC1B322F777E}.Debug|Any CPU.ActiveCfg = Debug|Any CPU
		{AA2BEA78-56C2-4C2F-AC03-FC1B322F777E}.Debug|Any CPU.Build.0 = Debug|Any CPU
		{AA2BEA78-56C2-4C2F-AC03-FC1B322F777E}.Release|Any CPU.ActiveCfg = Release|Any CPU
		{AA2BEA78-56C2-4C2F-AC03-FC1B322F777E}.Release|Any CPU.Build.0 = Release|Any CPU
		{B0B57C5C-7331-466E-93E4-9428AD895274}.Debug|Any CPU.ActiveCfg = Debug|Any CPU
		{B0B57C5C-7331-466E-93E4-9428AD895274}.Debug|Any CPU.Build.0 = Debug|Any CPU
		{B0B57C5C-7331-466E-93E4-9428AD895274}.Release|Any CPU.ActiveCfg = Release|Any CPU
		{B0B57C5C-7331-466E-93E4-9428AD895274}.Release|Any CPU.Build.0 = Release|Any CPU
		{6427F8B8-DC86-4AAB-894A-8623F6A65AEF}.Debug|Any CPU.ActiveCfg = Debug|Any CPU
		{6427F8B8-DC86-4AAB-894A-8623F6A65AEF}.Debug|Any CPU.Build.0 = Debug|Any CPU
		{6427F8B8-DC86-4AAB-894A-8623F6A65AEF}.Release|Any CPU.ActiveCfg = Release|Any CPU
		{6427F8B8-DC86-4AAB-894A-8623F6A65AEF}.Release|Any CPU.Build.0 = Release|Any CPU
	EndGlobalSection
	GlobalSection(SolutionProperties) = preSolution
		HideSolutionNode = FALSE
	EndGlobalSection
	GlobalSection(ExtensibilityGlobals) = postSolution
		SolutionGuid = {29B669F8-1156-443D-AAD6-612858B3DE82}
	EndGlobalSection
EndGlobal
